
Microsoft Visual Studio Solution File, Format Version 12.00
# Visual Studio Version 16
VisualStudioVersion = 16.0.31205.134
MinimumVisualStudioVersion = 10.0.40219.1
Project("{FAE04EC0-301F-11D3-BF4B-00C04F79EFBC}") = "CRUD", "CRUD\CRUD.csproj", "{A8814539-5DB8-4599-A40C-6F22A0F0273D}"
EndProject
Global
	GlobalSection(SolutionConfigurationPlatforms) = preSolution
		Debug|Any CPU = Debug|Any CPU
		Release|Any CPU = Release|Any CPU
	EndGlobalSection
	GlobalSection(ProjectConfigurationPlatforms) = postSolution
		{A8814539-5DB8-4599-A40C-6F22A0F0273D}.Debug|Any CPU.ActiveCfg = Debug|Any CPU
		{A8814539-5DB8-4599-A40C-6F22A0F0273D}.Debug|Any CPU.Build.0 = Debug|Any CPU
		{A8814539-5DB8-4599-A40C-6F22A0F0273D}.Release|Any CPU.ActiveCfg = Release|Any CPU
		{A8814539-5DB8-4599-A40C-6F22A0F0273D}.Release|Any CPU.Build.0 = Release|Any CPU
	EndGlobalSection
	GlobalSection(SolutionProperties) = preSolution
		HideSolutionNode = FALSE
	EndGlobalSection
	GlobalSection(ExtensibilityGlobals) = postSolution
		SolutionGuid = {B19BEBC7-E14E-46F2-B52D-ED663EAC49C3}
	EndGlobalSection
EndGlobal
